
Microsoft Visual Studio Solution File, Format Version 12.00
# Visual Studio Version 17
VisualStudioVersion = 17.10.34928.147
MinimumVisualStudioVersion = 10.0.40219.1
Project("{FAE04EC0-301F-11D3-BF4B-00C04F79EFBC}") = "ModelUI", "ModelUI\ModelUI.csproj", "{EB3E7608-7576-4310-BC49-16280E59EA0C}"
EndProject
Global
	GlobalSection(SolutionConfigurationPlatforms) = preSolution
		Debug|Any CPU = Debug|Any CPU
		Release|Any CPU = Release|Any CPU
	EndGlobalSection
	GlobalSection(ProjectConfigurationPlatforms) = postSolution
		{EB3E7608-7576-4310-BC49-16280E59EA0C}.Debug|Any CPU.ActiveCfg = Debug|Any CPU
		{EB3E7608-7576-4310-BC49-16280E59EA0C}.Debug|Any CPU.Build.0 = Debug|Any CPU
		{EB3E7608-7576-4310-BC49-16280E59EA0C}.Release|Any CPU.ActiveCfg = Release|Any CPU
		{EB3E7608-7576-4310-BC49-16280E59EA0C}.Release|Any CPU.Build.0 = Release|Any CPU
	EndGlobalSection
	GlobalSection(SolutionProperties) = preSolution
		HideSolutionNode = FALSE
	EndGlobalSection
	GlobalSection(ExtensibilityGlobals) = postSolution
		SolutionGuid = {C117DBA8-A584-4C0F-97DB-97B46C969551}
	EndGlobalSection
EndGlobal
