
Microsoft Visual Studio Solution File, Format Version 12.00
# Visual Studio Version 17
VisualStudioVersion = 17.10.34928.147
MinimumVisualStudioVersion = 10.0.40219.1
Project("{FAE04EC0-301F-11D3-BF4B-00C04F79EFBC}") = "AuthTest", "AuthTest\AuthTest.csproj", "{8BF5EC76-5D5B-40A7-930C-79C7AE789B83}"
EndProject
Global
	GlobalSection(SolutionConfigurationPlatforms) = preSolution
		Debug|Any CPU = Debug|Any CPU
		Release|Any CPU = Release|Any CPU
	EndGlobalSection
	GlobalSection(ProjectConfigurationPlatforms) = postSolution
		{8BF5EC76-5D5B-40A7-930C-79C7AE789B83}.Debug|Any CPU.ActiveCfg = Debug|Any CPU
		{8BF5EC76-5D5B-40A7-930C-79C7AE789B83}.Debug|Any CPU.Build.0 = Debug|Any CPU
		{8BF5EC76-5D5B-40A7-930C-79C7AE789B83}.Release|Any CPU.ActiveCfg = Release|Any CPU
		{8BF5EC76-5D5B-40A7-930C-79C7AE789B83}.Release|Any CPU.Build.0 = Release|Any CPU
	EndGlobalSection
	GlobalSection(SolutionProperties) = preSolution
		HideSolutionNode = FALSE
	EndGlobalSection
	GlobalSection(ExtensibilityGlobals) = postSolution
		SolutionGuid = {9DBC0C0E-6E1A-476E-89F4-FA9A57A20652}
	EndGlobalSection
EndGlobal
