
Microsoft Visual Studio Solution File, Format Version 12.00
# Visual Studio Version 17
VisualStudioVersion = 17.10.34928.147
MinimumVisualStudioVersion = 10.0.40219.1
Project("{FAE04EC0-301F-11D3-BF4B-00C04F79EFBC}") = "16July", "16July\16July.csproj", "{1B37296C-D818-48C3-8230-1A8A8B69D71A}"
EndProject
Global
	GlobalSection(SolutionConfigurationPlatforms) = preSolution
		Debug|Any CPU = Debug|Any CPU
		Release|Any CPU = Release|Any CPU
	EndGlobalSection
	GlobalSection(ProjectConfigurationPlatforms) = postSolution
		{1B37296C-D818-48C3-8230-1A8A8B69D71A}.Debug|Any CPU.ActiveCfg = Debug|Any CPU
		{1B37296C-D818-48C3-8230-1A8A8B69D71A}.Debug|Any CPU.Build.0 = Debug|Any CPU
		{1B37296C-D818-48C3-8230-1A8A8B69D71A}.Release|Any CPU.ActiveCfg = Release|Any CPU
		{1B37296C-D818-48C3-8230-1A8A8B69D71A}.Release|Any CPU.Build.0 = Release|Any CPU
	EndGlobalSection
	GlobalSection(SolutionProperties) = preSolution
		HideSolutionNode = FALSE
	EndGlobalSection
	GlobalSection(ExtensibilityGlobals) = postSolution
		SolutionGuid = {AD71CA8F-56FB-43F3-9E97-40281A406070}
	EndGlobalSection
EndGlobal
