
Microsoft Visual Studio Solution File, Format Version 12.00
# Visual Studio Version 17
VisualStudioVersion = 17.10.34928.147
MinimumVisualStudioVersion = 10.0.40219.1
Project("{FAE04EC0-301F-11D3-BF4B-00C04F79EFBC}") = "MVCCoreApp", "MVCCoreApp\MVCCoreApp.csproj", "{327BD70C-6875-4248-B24D-0F88FDA92A0F}"
EndProject
Global
	GlobalSection(SolutionConfigurationPlatforms) = preSolution
		Debug|Any CPU = Debug|Any CPU
		Release|Any CPU = Release|Any CPU
	EndGlobalSection
	GlobalSection(ProjectConfigurationPlatforms) = postSolution
		{327BD70C-6875-4248-B24D-0F88FDA92A0F}.Debug|Any CPU.ActiveCfg = Debug|Any CPU
		{327BD70C-6875-4248-B24D-0F88FDA92A0F}.Debug|Any CPU.Build.0 = Debug|Any CPU
		{327BD70C-6875-4248-B24D-0F88FDA92A0F}.Release|Any CPU.ActiveCfg = Release|Any CPU
		{327BD70C-6875-4248-B24D-0F88FDA92A0F}.Release|Any CPU.Build.0 = Release|Any CPU
	EndGlobalSection
	GlobalSection(SolutionProperties) = preSolution
		HideSolutionNode = FALSE
	EndGlobalSection
	GlobalSection(ExtensibilityGlobals) = postSolution
		SolutionGuid = {BF4D3732-E5E1-470B-BBC4-2EAEB305D662}
	EndGlobalSection
EndGlobal
