
Microsoft Visual Studio Solution File, Format Version 12.00
# Visual Studio Version 17
VisualStudioVersion = 17.10.34928.147
MinimumVisualStudioVersion = 10.0.40219.1
Project("{FAE04EC0-301F-11D3-BF4B-00C04F79EFBC}") = "EFexp", "EFexp\EFexp.csproj", "{D527079F-F21B-4167-85C7-F3A11D6F0E06}"
EndProject
Global
	GlobalSection(SolutionConfigurationPlatforms) = preSolution
		Debug|Any CPU = Debug|Any CPU
		Release|Any CPU = Release|Any CPU
	EndGlobalSection
	GlobalSection(ProjectConfigurationPlatforms) = postSolution
		{D527079F-F21B-4167-85C7-F3A11D6F0E06}.Debug|Any CPU.ActiveCfg = Debug|Any CPU
		{D527079F-F21B-4167-85C7-F3A11D6F0E06}.Debug|Any CPU.Build.0 = Debug|Any CPU
		{D527079F-F21B-4167-85C7-F3A11D6F0E06}.Release|Any CPU.ActiveCfg = Release|Any CPU
		{D527079F-F21B-4167-85C7-F3A11D6F0E06}.Release|Any CPU.Build.0 = Release|Any CPU
	EndGlobalSection
	GlobalSection(SolutionProperties) = preSolution
		HideSolutionNode = FALSE
	EndGlobalSection
	GlobalSection(ExtensibilityGlobals) = postSolution
		SolutionGuid = {280B0EC8-C5D4-4308-83F6-29A2D813DA64}
	EndGlobalSection
EndGlobal
