
Microsoft Visual Studio Solution File, Format Version 12.00
# Visual Studio Version 17
VisualStudioVersion = 17.10.34928.147
MinimumVisualStudioVersion = 10.0.40219.1
Project("{FAE04EC0-301F-11D3-BF4B-00C04F79EFBC}") = "Model-First-Approach", "Model-First-Approach\Model-First-Approach.csproj", "{F95710D4-6B88-45DB-9EAF-C04089497B8B}"
EndProject
Global
	GlobalSection(SolutionConfigurationPlatforms) = preSolution
		Debug|Any CPU = Debug|Any CPU
		Release|Any CPU = Release|Any CPU
	EndGlobalSection
	GlobalSection(ProjectConfigurationPlatforms) = postSolution
		{F95710D4-6B88-45DB-9EAF-C04089497B8B}.Debug|Any CPU.ActiveCfg = Debug|Any CPU
		{F95710D4-6B88-45DB-9EAF-C04089497B8B}.Debug|Any CPU.Build.0 = Debug|Any CPU
		{F95710D4-6B88-45DB-9EAF-C04089497B8B}.Release|Any CPU.ActiveCfg = Release|Any CPU
		{F95710D4-6B88-45DB-9EAF-C04089497B8B}.Release|Any CPU.Build.0 = Release|Any CPU
	EndGlobalSection
	GlobalSection(SolutionProperties) = preSolution
		HideSolutionNode = FALSE
	EndGlobalSection
	GlobalSection(ExtensibilityGlobals) = postSolution
		SolutionGuid = {DC9091B8-EBBC-4054-A08E-1052E1802058}
	EndGlobalSection
EndGlobal
